
Microsoft Visual Studio Solution File, Format Version 12.00
# Visual Studio 14
VisualStudioVersion = 14.0.25123.0
MinimumVisualStudioVersion = 10.0.40219.1
Project("{FAE04EC0-301F-11D3-BF4B-00C04F79EFBC}") = "SBS_Ecommerce", "SBS_Ecommerce\SBS_Ecommerce.csproj", "{1F08EBB8-3B88-4CB0-BE53-0DA3723791DC}"
EndProject
Global
	GlobalSection(SolutionConfigurationPlatforms) = preSolution
		Debug|Any CPU = Debug|Any CPU
		Release|Any CPU = Release|Any CPU
	EndGlobalSection
	GlobalSection(ProjectConfigurationPlatforms) = postSolution
		{1F08EBB8-3B88-4CB0-BE53-0DA3723791DC}.Debug|Any CPU.ActiveCfg = Debug|Any CPU
		{1F08EBB8-3B88-4CB0-BE53-0DA3723791DC}.Debug|Any CPU.Build.0 = Debug|Any CPU
		{1F08EBB8-3B88-4CB0-BE53-0DA3723791DC}.Release|Any CPU.ActiveCfg = Release|Any CPU
		{1F08EBB8-3B88-4CB0-BE53-0DA3723791DC}.Release|Any CPU.Build.0 = Release|Any CPU
	EndGlobalSection
	GlobalSection(SolutionProperties) = preSolution
		HideSolutionNode = FALSE
	EndGlobalSection
EndGlobal
