
Microsoft Visual Studio Solution File, Format Version 12.00
# Visual Studio 14
VisualStudioVersion = 14.0.25123.0
MinimumVisualStudioVersion = 10.0.40219.1
Project("{FAE04EC0-301F-11D3-BF4B-00C04F79EFBC}") = "SBSECommerge", "SBSECommerge\SBSECommerge.csproj", "{CC66C48D-C5DE-4851-9CAE-4161CC04B73B}"
EndProject
Project("{FAE04EC0-301F-11D3-BF4B-00C04F79EFBC}") = "SBSECommerge.Tests", "SBSECommerge.Tests\SBSECommerge.Tests.csproj", "{AE15ECC9-CC3B-419E-A7A0-B080E33A6F5A}"
EndProject
Global
	GlobalSection(SolutionConfigurationPlatforms) = preSolution
		Debug|Any CPU = Debug|Any CPU
		Release|Any CPU = Release|Any CPU
	EndGlobalSection
	GlobalSection(ProjectConfigurationPlatforms) = postSolution
		{CC66C48D-C5DE-4851-9CAE-4161CC04B73B}.Debug|Any CPU.ActiveCfg = Debug|Any CPU
		{CC66C48D-C5DE-4851-9CAE-4161CC04B73B}.Debug|Any CPU.Build.0 = Debug|Any CPU
		{CC66C48D-C5DE-4851-9CAE-4161CC04B73B}.Release|Any CPU.ActiveCfg = Release|Any CPU
		{CC66C48D-C5DE-4851-9CAE-4161CC04B73B}.Release|Any CPU.Build.0 = Release|Any CPU
		{AE15ECC9-CC3B-419E-A7A0-B080E33A6F5A}.Debug|Any CPU.ActiveCfg = Debug|Any CPU
		{AE15ECC9-CC3B-419E-A7A0-B080E33A6F5A}.Debug|Any CPU.Build.0 = Debug|Any CPU
		{AE15ECC9-CC3B-419E-A7A0-B080E33A6F5A}.Release|Any CPU.ActiveCfg = Release|Any CPU
		{AE15ECC9-CC3B-419E-A7A0-B080E33A6F5A}.Release|Any CPU.Build.0 = Release|Any CPU
	EndGlobalSection
	GlobalSection(SolutionProperties) = preSolution
		HideSolutionNode = FALSE
	EndGlobalSection
EndGlobal
